// !$*UTF8*$!
{
	archiveVersion = 1;
	classes = {
	};
	objectVersion = 46;
	objects = {

/* Begin PBXBuildFile section */
		4225A50C18E1507A00B106F1 /* Foundation.framework in Frameworks */ = {isa = PBXBuildFile; fileRef = 4225A50B18E1507A00B106F1 /* Foundation.framework */; };
		4225A50E18E1507A00B106F1 /* CoreGraphics.framework in Frameworks */ = {isa = PBXBuildFile; fileRef = 4225A50D18E1507A00B106F1 /* CoreGraphics.framework */; };
		4225A51018E1507A00B106F1 /* UIKit.framework in Frameworks */ = {isa = PBXBuildFile; fileRef = 4225A50F18E1507A00B106F1 /* UIKit.framework */; };
		4225A51618E1507A00B106F1 /* InfoPlist.strings in Resources */ = {isa = PBXBuildFile; fileRef = 4225A51418E1507A00B106F1 /* InfoPlist.strings */; };
		4225A51818E1507A00B106F1 /* main.m in Sources */ = {isa = PBXBuildFile; fileRef = 4225A51718E1507A00B106F1 /* main.m */; };
		4225A51C18E1507A00B106F1 /* AppDelegate.m in Sources */ = {isa = PBXBuildFile; fileRef = 4225A51B18E1507A00B106F1 /* AppDelegate.m */; };
		4225A51F18E1507A00B106F1 /* Main.storyboard in Resources */ = {isa = PBXBuildFile; fileRef = 4225A51D18E1507A00B106F1 /* Main.storyboard */; };
		4225A52218E1507A00B106F1 /* ViewController.m in Sources */ = {isa = PBXBuildFile; fileRef = 4225A52118E1507A00B106F1 /* ViewController.m */; };
		4225A52418E1507A00B106F1 /* Images.xcassets in Resources */ = {isa = PBXBuildFile; fileRef = 4225A52318E1507A00B106F1 /* Images.xcassets */; };
		4225A52B18E1507A00B106F1 /* XCTest.framework in Frameworks */ = {isa = PBXBuildFile; fileRef = 4225A52A18E1507A00B106F1 /* XCTest.framework */; };
		4225A52C18E1507A00B106F1 /* Foundation.framework in Frameworks */ = {isa = PBXBuildFile; fileRef = 4225A50B18E1507A00B106F1 /* Foundation.framework */; };
		4225A52D18E1507A00B106F1 /* UIKit.framework in Frameworks */ = {isa = PBXBuildFile; fileRef = 4225A50F18E1507A00B106F1 /* UIKit.framework */; };
		4225A53518E1507A00B106F1 /* InfoPlist.strings in Resources */ = {isa = PBXBuildFile; fileRef = 4225A53318E1507A00B106F1 /* InfoPlist.strings */; };
		4225A53718E1507A00B106F1 /* CollectionUiTests.m in Sources */ = {isa = PBXBuildFile; fileRef = 4225A53618E1507A00B106F1 /* CollectionUiTests.m */; };
/* End PBXBuildFile section */

/* Begin PBXContainerItemProxy section */
		4225A52E18E1507A00B106F1 /* PBXContainerItemProxy */ = {
			isa = PBXContainerItemProxy;
			containerPortal = 4225A50018E1507A00B106F1 /* Project object */;
			proxyType = 1;
			remoteGlobalIDString = 4225A50718E1507A00B106F1;
			remoteInfo = CollectionUi;
		};
/* End PBXContainerItemProxy section */

/* Begin PBXFileReference section */
		4225A50818E1507A00B106F1 /* CollectionUi.app */ = {isa = PBXFileReference; explicitFileType = wrapper.application; includeInIndex = 0; path = CollectionUi.app; sourceTree = BUILT_PRODUCTS_DIR; };
		4225A50B18E1507A00B106F1 /* Foundation.framework */ = {isa = PBXFileReference; lastKnownFileType = wrapper.framework; name = Foundation.framework; path = System/Library/Frameworks/Foundation.framework; sourceTree = SDKROOT; };
		4225A50D18E1507A00B106F1 /* CoreGraphics.framework */ = {isa = PBXFileReference; lastKnownFileType = wrapper.framework; name = CoreGraphics.framework; path = System/Library/Frameworks/CoreGraphics.framework; sourceTree = SDKROOT; };
		4225A50F18E1507A00B106F1 /* UIKit.framework */ = {isa = PBXFileReference; lastKnownFileType = wrapper.framework; name = UIKit.framework; path = System/Library/Frameworks/UIKit.framework; sourceTree = SDKROOT; };
		4225A51318E1507A00B106F1 /* CollectionUi-Info.plist */ = {isa = PBXFileReference; lastKnownFileType = text.plist.xml; path = "CollectionUi-Info.plist"; sourceTree = "<group>"; };
		4225A51518E1507A00B106F1 /* en */ = {isa = PBXFileReference; lastKnownFileType = text.plist.strings; name = en; path = en.lproj/InfoPlist.strings; sourceTree = "<group>"; };
		4225A51718E1507A00B106F1 /* main.m */ = {isa = PBXFileReference; lastKnownFileType = sourcecode.c.objc; path = main.m; sourceTree = "<group>"; };
		4225A51918E1507A00B106F1 /* CollectionUi-Prefix.pch */ = {isa = PBXFileReference; lastKnownFileType = sourcecode.c.h; path = "CollectionUi-Prefix.pch"; sourceTree = "<group>"; };
		4225A51A18E1507A00B106F1 /* AppDelegate.h */ = {isa = PBXFileReference; lastKnownFileType = sourcecode.c.h; path = AppDelegate.h; sourceTree = "<group>"; };
		4225A51B18E1507A00B106F1 /* AppDelegate.m */ = {isa = PBXFileReference; lastKnownFileType = sourcecode.c.objc; path = AppDelegate.m; sourceTree = "<group>"; };
		4225A51E18E1507A00B106F1 /* Base */ = {isa = PBXFileReference; lastKnownFileType = file.storyboard; name = Base; path = Base.lproj/Main.storyboard; sourceTree = "<group>"; };
		4225A52018E1507A00B106F1 /* ViewController.h */ = {isa = PBXFileReference; lastKnownFileType = sourcecode.c.h; path = ViewController.h; sourceTree = "<group>"; };
		4225A52118E1507A00B106F1 /* ViewController.m */ = {isa = PBXFileReference; lastKnownFileType = sourcecode.c.objc; path = ViewController.m; sourceTree = "<group>"; };
		4225A52318E1507A00B106F1 /* Images.xcassets */ = {isa = PBXFileReference; lastKnownFileType = folder.assetcatalog; path = Images.xcassets; sourceTree = "<group>"; };
		4225A52918E1507A00B106F1 /* CollectionUiTests.xctest */ = {isa = PBXFileReference; explicitFileType = wrapper.cfbundle; includeInIndex = 0; path = CollectionUiTests.xctest; sourceTree = BUILT_PRODUCTS_DIR; };
		4225A52A18E1507A00B106F1 /* XCTest.framework */ = {isa = PBXFileReference; lastKnownFileType = wrapper.framework; name = XCTest.framework; path = Library/Frameworks/XCTest.framework; sourceTree = DEVELOPER_DIR; };
		4225A53218E1507A00B106F1 /* CollectionUiTests-Info.plist */ = {isa = PBXFileReference; lastKnownFileType = text.plist.xml; path = "CollectionUiTests-Info.plist"; sourceTree = "<group>"; };
		4225A53418E1507A00B106F1 /* en */ = {isa = PBXFileReference; lastKnownFileType = text.plist.strings; name = en; path = en.lproj/InfoPlist.strings; sourceTree = "<group>"; };
		4225A53618E1507A00B106F1 /* CollectionUiTests.m */ = {isa = PBXFileReference; lastKnownFileType = sourcecode.c.objc; path = CollectionUiTests.m; sourceTree = "<group>"; };
/* End PBXFileReference section */

/* Begin PBXFrameworksBuildPhase section */
		4225A50518E1507A00B106F1 /* Frameworks */ = {
			isa = PBXFrameworksBuildPhase;
			buildActionMask = 2147483647;
			files = (
				4225A50E18E1507A00B106F1 /* CoreGraphics.framework in Frameworks */,
				4225A51018E1507A00B106F1 /* UIKit.framework in Frameworks */,
				4225A50C18E1507A00B106F1 /* Foundation.framework in Frameworks */,
			);
			runOnlyForDeploymentPostprocessing = 0;
		};
		4225A52618E1507A00B106F1 /* Frameworks */ = {
			isa = PBXFrameworksBuildPhase;
			buildActionMask = 2147483647;
			files = (
				4225A52B18E1507A00B106F1 /* XCTest.framework in Frameworks */,
				4225A52D18E1507A00B106F1 /* UIKit.framework in Frameworks */,
				4225A52C18E1507A00B106F1 /* Foundation.framework in Frameworks */,
			);
			runOnlyForDeploymentPostprocessing = 0;
		};
/* End PBXFrameworksBuildPhase section */

/* Begin PBXGroup section */
		4225A4FF18E1507A00B106F1 = {
			isa = PBXGroup;
			children = (
				4225A51118E1507A00B106F1 /* CollectionUi */,
				4225A53018E1507A00B106F1 /* CollectionUiTests */,
				4225A50A18E1507A00B106F1 /* Frameworks */,
				4225A50918E1507A00B106F1 /* Products */,
			);
			sourceTree = "<group>";
		};
		4225A50918E1507A00B106F1 /* Products */ = {
			isa = PBXGroup;
			children = (
				4225A50818E1507A00B106F1 /* CollectionUi.app */,
				4225A52918E1507A00B106F1 /* CollectionUiTests.xctest */,
			);
			name = Products;
			sourceTree = "<group>";
		};
		4225A50A18E1507A00B106F1 /* Frameworks */ = {
			isa = PBXGroup;
			children = (
				4225A50B18E1507A00B106F1 /* Foundation.framework */,
				4225A50D18E1507A00B106F1 /* CoreGraphics.framework */,
				4225A50F18E1507A00B106F1 /* UIKit.framework */,
				4225A52A18E1507A00B106F1 /* XCTest.framework */,
			);
			name = Frameworks;
			sourceTree = "<group>";
		};
		4225A51118E1507A00B106F1 /* CollectionUi */ = {
			isa = PBXGroup;
			children = (
				4225A51A18E1507A00B106F1 /* AppDelegate.h */,
				4225A51B18E1507A00B106F1 /* AppDelegate.m */,
				4225A51D18E1507A00B106F1 /* Main.storyboard */,
				4225A52018E1507A00B106F1 /* ViewController.h */,
				4225A52118E1507A00B106F1 /* ViewController.m */,
				4225A52318E1507A00B106F1 /* Images.xcassets */,
				4225A51218E1507A00B106F1 /* Supporting Files */,
			);
			path = CollectionUi;
			sourceTree = "<group>";
		};
		4225A51218E1507A00B106F1 /* Supporting Files */ = {
			isa = PBXGroup;
			children = (
				4225A51318E1507A00B106F1 /* CollectionUi-Info.plist */,
				4225A51418E1507A00B106F1 /* InfoPlist.strings */,
				4225A51718E1507A00B106F1 /* main.m */,
				4225A51918E1507A00B106F1 /* CollectionUi-Prefix.pch */,
			);
			name = "Supporting Files";
			sourceTree = "<group>";
		};
		4225A53018E1507A00B106F1 /* CollectionUiTests */ = {
			isa = PBXGroup;
			children = (
				4225A53618E1507A00B106F1 /* CollectionUiTests.m */,
				4225A53118E1507A00B106F1 /* Supporting Files */,
			);
			path = CollectionUiTests;
			sourceTree = "<group>";
		};
		4225A53118E1507A00B106F1 /* Supporting Files */ = {
			isa = PBXGroup;
			children = (
				4225A53218E1507A00B106F1 /* CollectionUiTests-Info.plist */,
				4225A53318E1507A00B106F1 /* InfoPlist.strings */,
			);
			name = "Supporting Files";
			sourceTree = "<group>";
		};
/* End PBXGroup section */

/* Begin PBXNativeTarget section */
		4225A50718E1507A00B106F1 /* CollectionUi */ = {
			isa = PBXNativeTarget;
			buildConfigurationList = 4225A53A18E1507A00B106F1 /* Build configuration list for PBXNativeTarget "CollectionUi" */;
			buildPhases = (
				4225A50418E1507A00B106F1 /* Sources */,
				4225A50518E1507A00B106F1 /* Frameworks */,
				4225A50618E1507A00B106F1 /* Resources */,
			);
			buildRules = (
			);
			dependencies = (
			);
			name = CollectionUi;
			productName = CollectionUi;
			productReference = 4225A50818E1507A00B106F1 /* CollectionUi.app */;
			productType = "com.apple.product-type.application";
		};
		4225A52818E1507A00B106F1 /* CollectionUiTests */ = {
			isa = PBXNativeTarget;
			buildConfigurationList = 4225A53D18E1507A00B106F1 /* Build configuration list for PBXNativeTarget "CollectionUiTests" */;
			buildPhases = (
				4225A52518E1507A00B106F1 /* Sources */,
				4225A52618E1507A00B106F1 /* Frameworks */,
				4225A52718E1507A00B106F1 /* Resources */,
			);
			buildRules = (
			);
			dependencies = (
				4225A52F18E1507A00B106F1 /* PBXTargetDependency */,
			);
			name = CollectionUiTests;
			productName = CollectionUiTests;
			productReference = 4225A52918E1507A00B106F1 /* CollectionUiTests.xctest */;
			productType = "com.apple.product-type.bundle.unit-test";
		};
/* End PBXNativeTarget section */

/* Begin PBXProject section */
		4225A50018E1507A00B106F1 /* Project object */ = {
			isa = PBXProject;
			attributes = {
				LastUpgradeCheck = 0510;
				ORGANIZATIONNAME = "MAEDA HAJIME";
				TargetAttributes = {
					4225A52818E1507A00B106F1 = {
						TestTargetID = 4225A50718E1507A00B106F1;
					};
				};
			};
			buildConfigurationList = 4225A50318E1507A00B106F1 /* Build configuration list for PBXProject "CollectionUi" */;
			compatibilityVersion = "Xcode 3.2";
			developmentRegion = English;
			hasScannedForEncodings = 0;
			knownRegions = (
				en,
				Base,
			);
			mainGroup = 4225A4FF18E1507A00B106F1;
			productRefGroup = 4225A50918E1507A00B106F1 /* Products */;
			projectDirPath = "";
			projectRoot = "";
			targets = (
				4225A50718E1507A00B106F1 /* CollectionUi */,
				4225A52818E1507A00B106F1 /* CollectionUiTests */,
			);
		};
/* End PBXProject section */

/* Begin PBXResourcesBuildPhase section */
		4225A50618E1507A00B106F1 /* Resources */ = {
			isa = PBXResourcesBuildPhase;
			buildActionMask = 2147483647;
			files = (
				4225A52418E1507A00B106F1 /* Images.xcassets in Resources */,
				4225A51618E1507A00B106F1 /* InfoPlist.strings in Resources */,
				4225A51F18E1507A00B106F1 /* Main.storyboard in Resources */,
			);
			runOnlyForDeploymentPostprocessing = 0;
		};
		4225A52718E1507A00B106F1 /* Resources */ = {
			isa = PBXResourcesBuildPhase;
			buildActionMask = 2147483647;
			files = (
				4225A53518E1507A00B106F1 /* InfoPlist.strings in Resources */,
			);
			runOnlyForDeploymentPostprocessing = 0;
		};
/* End PBXResourcesBuildPhase section */

/* Begin PBXSourcesBuildPhase section */
		4225A50418E1507A00B106F1 /* Sources */ = {
			isa = PBXSourcesBuildPhase;
			buildActionMask = 2147483647;
			files = (
				4225A52218E1507A00B106F1 /* ViewController.m in Sources */,
				4225A51C18E1507A00B106F1 /* AppDelegate.m in Sources */,
				4225A51818E1507A00B106F1 /* main.m in Sources */,
			);
			runOnlyForDeploymentPostprocessing = 0;
		};
		4225A52518E1507A00B106F1 /* Sources */ = {
			isa = PBXSourcesBuildPhase;
			buildActionMask = 2147483647;
			files = (
				4225A53718E1507A00B106F1 /* CollectionUiTests.m in Sources */,
			);
			runOnlyForDeploymentPostprocessing = 0;
		};
/* End PBXSourcesBuildPhase section */

/* Begin PBXTargetDependency section */
		4225A52F18E1507A00B106F1 /* PBXTargetDependency */ = {
			isa = PBXTargetDependency;
			target = 4225A50718E1507A00B106F1 /* CollectionUi */;
			targetProxy = 4225A52E18E1507A00B106F1 /* PBXContainerItemProxy */;
		};
/* End PBXTargetDependency section */

/* Begin PBXVariantGroup section */
		4225A51418E1507A00B106F1 /* InfoPlist.strings */ = {
			isa = PBXVariantGroup;
			children = (
				4225A51518E1507A00B106F1 /* en */,
			);
			name = InfoPlist.strings;
			sourceTree = "<group>";
		};
		4225A51D18E1507A00B106F1 /* Main.storyboard */ = {
			isa = PBXVariantGroup;
			children = (
				4225A51E18E1507A00B106F1 /* Base */,
			);
			name = Main.storyboard;
			sourceTree = "<group>";
		};
		4225A53318E1507A00B106F1 /* InfoPlist.strings */ = {
			isa = PBXVariantGroup;
			children = (
				4225A53418E1507A00B106F1 /* en */,
			);
			name = InfoPlist.strings;
			sourceTree = "<group>";
		};
/* End PBXVariantGroup section */

/* Begin XCBuildConfiguration section */
		4225A53818E1507A00B106F1 /* Debug */ = {
			isa = XCBuildConfiguration;
			buildSettings = {
				ALWAYS_SEARCH_USER_PATHS = NO;
				CLANG_CXX_LANGUAGE_STANDARD = "gnu++0x";
				CLANG_CXX_LIBRARY = "libc++";
				CLANG_ENABLE_MODULES = YES;
				CLANG_ENABLE_OBJC_ARC = YES;
				CLANG_WARN_BOOL_CONVERSION = YES;
				CLANG_WARN_CONSTANT_CONVERSION = YES;
				CLANG_WARN_DIRECT_OBJC_ISA_USAGE = YES_ERROR;
				CLANG_WARN_EMPTY_BODY = YES;
				CLANG_WARN_ENUM_CONVERSION = YES;
				CLANG_WARN_INT_CONVERSION = YES;
				CLANG_WARN_OBJC_ROOT_CLASS = YES_ERROR;
				CLANG_WARN__DUPLICATE_METHOD_MATCH = YES;
				"CODE_SIGN_IDENTITY[sdk=iphoneos*]" = "iPhone Developer";
				COPY_PHASE_STRIP = NO;
				GCC_C_LANGUAGE_STANDARD = gnu99;
				GCC_DYNAMIC_NO_PIC = NO;
				GCC_OPTIMIZATION_LEVEL = 0;
				GCC_PREPROCESSOR_DEFINITIONS = (
					"DEBUG=1",
					"$(inherited)",
				);
				GCC_SYMBOLS_PRIVATE_EXTERN = NO;
				GCC_WARN_64_TO_32_BIT_CONVERSION = YES;
				GCC_WARN_ABOUT_RETURN_TYPE = YES_ERROR;
				GCC_WARN_UNDECLARED_SELECTOR = YES;
				GCC_WARN_UNINITIALIZED_AUTOS = YES_AGGRESSIVE;
				GCC_WARN_UNUSED_FUNCTION = YES;
				GCC_WARN_UNUSED_VARIABLE = YES;
				IPHONEOS_DEPLOYMENT_TARGET = 7.1;
				ONLY_ACTIVE_ARCH = YES;
				SDKROOT = iphoneos;
			};
			name = Debug;
		};
		4225A53918E1507A00B106F1 /* Release */ = {
			isa = XCBuildConfiguration;
			buildSettings = {
				ALWAYS_SEARCH_USER_PATHS = NO;
				CLANG_CXX_LANGUAGE_STANDARD = "gnu++0x";
				CLANG_CXX_LIBRARY = "libc++";
				CLANG_ENABLE_MODULES = YES;
				CLANG_ENABLE_OBJC_ARC = YES;
				CLANG_WARN_BOOL_CONVERSION = YES;
				CLANG_WARN_CONSTANT_CONVERSION = YES;
				CLANG_WARN_DIRECT_OBJC_ISA_USAGE = YES_ERROR;
				CLANG_WARN_EMPTY_BODY = YES;
				CLANG_WARN_ENUM_CONVERSION = YES;
				CLANG_WARN_INT_CONVERSION = YES;
				CLANG_WARN_OBJC_ROOT_CLASS = YES_ERROR;
				CLANG_WARN__DUPLICATE_METHOD_MATCH = YES;
				"CODE_SIGN_IDENTITY[sdk=iphoneos*]" = "iPhone Developer";
				COPY_PHASE_STRIP = YES;
				ENABLE_NS_ASSERTIONS = NO;
				GCC_C_LANGUAGE_STANDARD = gnu99;
				GCC_WARN_64_TO_32_BIT_CONVERSION = YES;
				GCC_WARN_ABOUT_RETURN_TYPE = YES_ERROR;
				GCC_WARN_UNDECLARED_SELECTOR = YES;
				GCC_WARN_UNINITIALIZED_AUTOS = YES_AGGRESSIVE;
				GCC_WARN_UNUSED_FUNCTION = YES;
				GCC_WARN_UNUSED_VARIABLE = YES;
				IPHONEOS_DEPLOYMENT_TARGET = 7.1;
				SDKROOT = iphoneos;
				VALIDATE_PRODUCT = YES;
			};
			name = Release;
		};
		4225A53B18E1507A00B106F1 /* Debug */ = {
			isa = XCBuildConfiguration;
			buildSettings = {
				ASSETCATALOG_COMPILER_APPICON_NAME = AppIcon;
				ASSETCATALOG_COMPILER_LAUNCHIMAGE_NAME = LaunchImage;
				GCC_PRECOMPILE_PREFIX_HEADER = YES;
				GCC_PREFIX_HEADER = "CollectionUi/CollectionUi-Prefix.pch";
				INFOPLIST_FILE = "CollectionUi/CollectionUi-Info.plist";
				PRODUCT_NAME = "$(TARGET_NAME)";
				WRAPPER_EXTENSION = app;
			};
			name = Debug;
		};
		4225A53C18E1507A00B106F1 /* Release */ = {
			isa = XCBuildConfiguration;
			buildSettings = {
				ASSETCATALOG_COMPILER_APPICON_NAME = AppIcon;
				ASSETCATALOG_COMPILER_LAUNCHIMAGE_NAME = LaunchImage;
				GCC_PRECOMPILE_PREFIX_HEADER = YES;
				GCC_PREFIX_HEADER = "CollectionUi/CollectionUi-Prefix.pch";
				INFOPLIST_FILE = "CollectionUi/CollectionUi-Info.plist";
				PRODUCT_NAME = "$(TARGET_NAME)";
				WRAPPER_EXTENSION = app;
			};
			name = Release;
		};
		4225A53E18E1507A00B106F1 /* Debug */ = {
			isa = XCBuildConfiguration;
			buildSettings = {
				BUNDLE_LOADER = "$(BUILT_PRODUCTS_DIR)/CollectionUi.app/CollectionUi";
				FRAMEWORK_SEARCH_PATHS = (
					"$(SDKROOT)/Developer/Library/Frameworks",
					"$(inherited)",
					"$(DEVELOPER_FRAMEWORKS_DIR)",
				);
				GCC_PRECOMPILE_PREFIX_HEADER = YES;
				GCC_PREFIX_HEADER = "CollectionUi/CollectionUi-Prefix.pch";
				GCC_PREPROCESSOR_DEFINITIONS = (
					"DEBUG=1",
					"$(inherited)",
				);
				INFOPLIST_FILE = "CollectionUiTests/CollectionUiTests-Info.plist";
				PRODUCT_NAME = "$(TARGET_NAME)";
				TEST_HOST = "$(BUNDLE_LOADER)";
				WRAPPER_EXTENSION = xctest;
			};
			name = Debug;
		};
		4225A53F18E1507A00B106F1 /* Release */ = {
			isa = XCBuildConfiguration;
			buildSettings = {
				BUNDLE_LOADER = "$(BUILT_PRODUCTS_DIR)/CollectionUi.app/CollectionUi";
				FRAMEWORK_SEARCH_PATHS = (
					"$(SDKROOT)/Developer/Library/Frameworks",
					"$(inherited)",
					"$(DEVELOPER_FRAMEWORKS_DIR)",
				);
				GCC_PRECOMPILE_PREFIX_HEADER = YES;
				GCC_PREFIX_HEADER = "CollectionUi/CollectionUi-Prefix.pch";
				INFOPLIST_FILE = "CollectionUiTests/CollectionUiTests-Info.plist";
				PRODUCT_NAME = "$(TARGET_NAME)";
				TEST_HOST = "$(BUNDLE_LOADER)";
				WRAPPER_EXTENSION = xctest;
			};
			name = Release;
		};
/* End XCBuildConfiguration section */

/* Begin XCConfigurationList section */
		4225A50318E1507A00B106F1 /* Build configuration list for PBXProject "CollectionUi" */ = {
			isa = XCConfigurationList;
			buildConfigurations = (
				4225A53818E1507A00B106F1 /* Debug */,
				4225A53918E1507A00B106F1 /* Release */,
			);
			defaultConfigurationIsVisible = 0;
			defaultConfigurationName = Release;
		};
		4225A53A18E1507A00B106F1 /* Build configuration list for PBXNativeTarget "CollectionUi" */ = {
			isa = XCConfigurationList;
			buildConfigurations = (
				4225A53B18E1507A00B106F1 /* Debug */,
				4225A53C18E1507A00B106F1 /* Release */,
			);
			defaultConfigurationIsVisible = 0;
		};
		4225A53D18E1507A00B106F1 /* Build configuration list for PBXNativeTarget "CollectionUiTests" */ = {
			isa = XCConfigurationList;
			buildConfigurations = (
				4225A53E18E1507A00B106F1 /* Debug */,
				4225A53F18E1507A00B106F1 /* Release */,
			);
			defaultConfigurationIsVisible = 0;
		};
/* End XCConfigurationList section */
	};
	rootObject = 4225A50018E1507A00B106F1 /* Project object */;
}
